{
  "originHash" : "ae75e276c2a6c4c5a5a8a9d12e8f390c33426937cc49702b6138ac91856853f9",
  "pins" : [
    {
      "identity" : "aexml",
      "kind" : "remoteSourceControl",
      "location" : "https://github.com/tadija/AEXML.git",
      "state" : {
        "revision" : "db806756c989760b35108146381535aec231092b",
        "version" : "4.7.0"
      }
    },
    {
      "identity" : "pathkit",
      "kind" : "remoteSourceControl",
      "location" : "https://github.com/ainame/PathKit.git",
      "state" : {
        "branch" : "b97d4fe",
        "revision" : "b97d4fe305e38c6ad7af4337092446ae725bdb99"
      }
    },
    {
      "identity" : "swift-argument-parser",
      "kind" : "remoteSourceControl",
      "location" : "https://github.com/apple/swift-argument-parser",
      "state" : {
        "revision" : "309a47b2b1d9b5e991f36961c983ecec72275be3",
        "version" : "1.6.1"
      }
    },
    {
      "identity" : "xcodeproj",
      "kind" : "remoteSourceControl",
      "location" : "https://github.com/ainame/XcodeProj.git",
      "state" : {
        "branch" : "6f31e2d9",
        "revision" : "6f31e2d9fd05d9c207911fe5faafe406e1007c3a"
      }
    }
  ],
  "version" : 3
}
