// !$*UTF8*$!
{
	archiveVersion = 1;
	classes = {
	};
	objectVersion = 55;
	objects = {

/* Begin PBXBuildFile section */
		2BC0E29B8917C8C8AAB6897A /* config.plist in Copy Config */ = {isa = PBXBuildFile; fileRef = 9BE35AAC0B292F31A6B476F3 /* config.plist */; };
		5BE2AFD09717DA441AECD705 /* Foundation.framework in Frameworks */ = {isa = PBXBuildFile; fileRef = FF6BBC9CA8606D3FA177E514 /* Foundation.framework */; };
		6604EA4D842B366C4DAE7C58 /* config.plist in Resources */ = {isa = PBXBuildFile; fileRef = 9BE35AAC0B292F31A6B476F3 /* config.plist */; };
		C02A073F0E31FD6E04823ED8 /* UIKit.framework in Frameworks */ = {isa = PBXBuildFile; fileRef = A549D4DC2C01FD50E9C2DDAB /* UIKit.framework */; };
		FBD8EA9F470EFEE2806A724D /* RenamedFile.swift in Sources */ = {isa = PBXBuildFile; fileRef = 1052693FD8230BA0C0634CE6 /* RenamedFile.swift */; };
/* End PBXBuildFile section */

/* Begin PBXContainerItemProxy section */
		36E4BCC02C39615614F30A4D /* PBXContainerItemProxy */ = {
			isa = PBXContainerItemProxy;
			containerPortal = 9C4CC313C65588734683B221 /* Project object */;
			proxyType = 1;
			remoteGlobalIDString = 098E89A91C83C399CDB30F7C;
			remoteInfo = DemoLib;
		};
		DEC1DCD874C5C5D58DBD43C7 /* PBXContainerItemProxy */ = {
			isa = PBXContainerItemProxy;
			containerPortal = 9C4CC313C65588734683B221 /* Project object */;
			proxyType = 1;
			remoteGlobalIDString = 098E89A91C83C399CDB30F7C;
			remoteInfo = DemoLib;
		};
/* End PBXContainerItemProxy section */

/* Begin PBXCopyFilesBuildPhase section */
		D025ED0CBADBA0B75CADC8CB /* Copy Config */ = {
			isa = PBXCopyFilesBuildPhase;
			buildActionMask = 2147483647;
			dstPath = "";
			dstSubfolderSpec = 7;
			files = (
				2BC0E29B8917C8C8AAB6897A /* config.plist in Copy Config */,
			);
			name = "Copy Config";
			runOnlyForDeploymentPostprocessing = 0;
		};
/* End PBXCopyFilesBuildPhase section */

/* Begin PBXFileReference section */
		1052693FD8230BA0C0634CE6 /* RenamedFile.swift */ = {isa = PBXFileReference; name = RenamedFile.swift; path = TestDemo/RenamedFile.swift; sourceTree = "<group>"; };
		57E11ED4315742BE7728D962 /* TestDemo.app */ = {isa = PBXFileReference; explicitFileType = wrapper.application; name = TestDemo.app; sourceTree = BUILT_PRODUCTS_DIR; };
		9BE35AAC0B292F31A6B476F3 /* config.plist */ = {isa = PBXFileReference; name = config.plist; path = TestDemo/config.plist; sourceTree = "<group>"; };
		A549D4DC2C01FD50E9C2DDAB /* UIKit.framework */ = {isa = PBXFileReference; lastKnownFileType = wrapper.framework; name = UIKit.framework; path = System/Library/Frameworks/UIKit.framework; sourceTree = SDKROOT; };
		FF6BBC9CA8606D3FA177E514 /* Foundation.framework */ = {isa = PBXFileReference; lastKnownFileType = wrapper.framework; name = Foundation.framework; path = System/Library/Frameworks/Foundation.framework; sourceTree = SDKROOT; };
/* End PBXFileReference section */

/* Begin PBXFrameworksBuildPhase section */
		237B6D7D110A2B33432F4836 /* Frameworks */ = {
			isa = PBXFrameworksBuildPhase;
			buildActionMask = 2147483647;
			files = (
				C02A073F0E31FD6E04823ED8 /* UIKit.framework in Frameworks */,
			);
			runOnlyForDeploymentPostprocessing = 0;
		};
		9082E46974DEDDFD3233334E /* Frameworks */ = {
			isa = PBXFrameworksBuildPhase;
			buildActionMask = 2147483647;
			files = (
				C02A073F0E31FD6E04823ED8 /* UIKit.framework in Frameworks */,
			);
			runOnlyForDeploymentPostprocessing = 0;
		};
		AF47EE2F01C7302021F5E4EE /* Frameworks */ = {
			isa = PBXFrameworksBuildPhase;
			buildActionMask = 2147483647;
			files = (
				5BE2AFD09717DA441AECD705 /* Foundation.framework in Frameworks */,
			);
			runOnlyForDeploymentPostprocessing = 0;
		};
/* End PBXFrameworksBuildPhase section */

/* Begin PBXGroup section */
		17ABA0174DE5C5853C98149B /* Products */ = {
			isa = PBXGroup;
			children = (
				57E11ED4315742BE7728D962 /* TestDemo.app */,
			);
			name = Products;
			sourceTree = "<group>";
		};
		B15D7A7BB4F8D492DF094162 /* TestDemo-Staging */ = {
			isa = PBXGroup;
			children = (
			);
			name = "TestDemo-Staging";
			sourceTree = "<group>";
		};
		C8C1DB421C75E9BC80879788 /* Frameworks */ = {
			isa = PBXGroup;
			children = (
				A549D4DC2C01FD50E9C2DDAB /* UIKit.framework */,
				FF6BBC9CA8606D3FA177E514 /* Foundation.framework */,
			);
			name = Frameworks;
			sourceTree = "<group>";
		};
		C9AB41B799726AF34A932022 /* Utils */ = {
			isa = PBXGroup;
			children = (
			);
			name = Utils;
			sourceTree = "<group>";
		};
		E00745F931F5273EB6A19422 = {
			isa = PBXGroup;
			children = (
				1052693FD8230BA0C0634CE6 /* RenamedFile.swift */,
				C9AB41B799726AF34A932022 /* Utils */,
				F7AE92067EC0D0A75C3431CE /* DemoLib */,
				C8C1DB421C75E9BC80879788 /* Frameworks */,
				B15D7A7BB4F8D492DF094162 /* TestDemo-Staging */,
				9BE35AAC0B292F31A6B476F3 /* config.plist */,
			);
			sourceTree = "<group>";
		};
		F7AE92067EC0D0A75C3431CE /* DemoLib */ = {
			isa = PBXGroup;
			children = (
			);
			name = DemoLib;
			sourceTree = "<group>";
		};
/* End PBXGroup section */

/* Begin PBXNativeTarget section */
		098E89A91C83C399CDB30F7C /* DemoLib */ = {
			isa = PBXNativeTarget;
			buildConfigurationList = B47A3B80663E34610C023A49 /* Build configuration list for PBXNativeTarget "DemoLib" */;
			buildPhases = (
				7BCB4CC00EDDCBD7B58A1749 /* Sources */,
				AF47EE2F01C7302021F5E4EE /* Frameworks */,
				7074C22715782D19872F2867 /* Resources */,
			);
			buildRules = (
			);
			dependencies = (
			);
			name = DemoLib;
			packageProductDependencies = (
			);
			productName = DemoLib;
			productType = "com.apple.product-type.library.static";
		};
		6FA1B6BA183ABA268F6810C0 /* TestDemo-Staging */ = {
			isa = PBXNativeTarget;
			buildConfigurationList = 0D1FD1B4434F161EAF7B3D33 /* Build configuration list for PBXNativeTarget "TestDemo-Staging" */;
			buildPhases = (
				5BA3554D56306FB9E0CCE45E /* Sources */,
				9082E46974DEDDFD3233334E /* Frameworks */,
				A2A2172FE763EF41C12B2BAA /* Resources */,
				E9C79B6135ED04386A411AF4 /* SwiftLint Check */,
			);
			buildRules = (
			);
			dependencies = (
				8DA3E04A012C4B35C67ABABF /* PBXTargetDependency */,
			);
			name = "TestDemo-Staging";
			packageProductDependencies = (
			);
			productName = "TestDemo-Staging";
			productType = "com.apple.product-type.application";
		};
		E4B541EE966E0A8E5F667488 /* TestDemo */ = {
			isa = PBXNativeTarget;
			buildConfigurationList = C64CB79C29011908A06450FB /* Build configuration list for PBXNativeTarget "TestDemo" */;
			buildPhases = (
				6B4F80AF98397553984CBB24 /* Sources */,
				237B6D7D110A2B33432F4836 /* Frameworks */,
				9D60694BE9C348A9A647FFDB /* Resources */,
				B10A237B9CE04AC52C3E1CD7 /* SwiftLint Check */,
				D025ED0CBADBA0B75CADC8CB /* Copy Config */,
			);
			buildRules = (
			);
			dependencies = (
				41A7B56A6D53F75305B2B9F6 /* PBXTargetDependency */,
			);
			name = TestDemo;
			packageProductDependencies = (
			);
			productName = TestDemo;
			productReference = 57E11ED4315742BE7728D962 /* TestDemo.app */;
			productType = "com.apple.product-type.application";
		};
/* End PBXNativeTarget section */

/* Begin PBXProject section */
		9C4CC313C65588734683B221 /* Project object */ = {
			isa = PBXProject;
			attributes = {
			};
			buildConfigurationList = BEE89AC41B1F1F534BFCB161 /* Build configuration list for PBXProject "TestDemo" */;
			compatibilityVersion = "Xcode 14.0";
			developmentRegion = en;
			hasScannedForEncodings = 0;
			knownRegions = (
				en,
				Base,
			);
			mainGroup = E00745F931F5273EB6A19422;
			minimizedProjectReferenceProxies = 0;
			preferredProjectObjectVersion = 56;
			productRefGroup = 17ABA0174DE5C5853C98149B /* Products */;
			projectDirPath = "";
			projectRoot = "";
			targets = (
				E4B541EE966E0A8E5F667488 /* TestDemo */,
				098E89A91C83C399CDB30F7C /* DemoLib */,
				6FA1B6BA183ABA268F6810C0 /* TestDemo-Staging */,
			);
		};
/* End PBXProject section */

/* Begin PBXResourcesBuildPhase section */
		7074C22715782D19872F2867 /* Resources */ = {
			isa = PBXResourcesBuildPhase;
			buildActionMask = 2147483647;
			files = (
			);
			runOnlyForDeploymentPostprocessing = 0;
		};
		9D60694BE9C348A9A647FFDB /* Resources */ = {
			isa = PBXResourcesBuildPhase;
			buildActionMask = 2147483647;
			files = (
				6604EA4D842B366C4DAE7C58 /* config.plist in Resources */,
			);
			runOnlyForDeploymentPostprocessing = 0;
		};
		A2A2172FE763EF41C12B2BAA /* Resources */ = {
			isa = PBXResourcesBuildPhase;
			buildActionMask = 2147483647;
			files = (
			);
			runOnlyForDeploymentPostprocessing = 0;
		};
/* End PBXResourcesBuildPhase section */

/* Begin PBXShellScriptBuildPhase section */
		B10A237B9CE04AC52C3E1CD7 /* SwiftLint Check */ = {
			isa = PBXShellScriptBuildPhase;
			buildActionMask = 2147483647;
			files = (
			);
			inputPaths = (
			);
			name = "SwiftLint Check";
			outputPaths = (
			);
			runOnlyForDeploymentPostprocessing = 0;
			shellPath = /bin/sh;
			shellScript = "echo \"Running SwiftLint...\"";
		};
		E9C79B6135ED04386A411AF4 /* SwiftLint Check */ = {
			isa = PBXShellScriptBuildPhase;
			buildActionMask = 2147483647;
			files = (
			);
			inputPaths = (
			);
			name = "SwiftLint Check";
			outputPaths = (
			);
			runOnlyForDeploymentPostprocessing = 0;
			shellPath = /bin/sh;
			shellScript = "echo \"Running SwiftLint...\"";
		};
/* End PBXShellScriptBuildPhase section */

/* Begin PBXSourcesBuildPhase section */
		5BA3554D56306FB9E0CCE45E /* Sources */ = {
			isa = PBXSourcesBuildPhase;
			buildActionMask = 2147483647;
			files = (
				FBD8EA9F470EFEE2806A724D /* RenamedFile.swift in Sources */,
			);
			runOnlyForDeploymentPostprocessing = 0;
		};
		6B4F80AF98397553984CBB24 /* Sources */ = {
			isa = PBXSourcesBuildPhase;
			buildActionMask = 2147483647;
			files = (
				FBD8EA9F470EFEE2806A724D /* RenamedFile.swift in Sources */,
			);
			runOnlyForDeploymentPostprocessing = 0;
		};
		7BCB4CC00EDDCBD7B58A1749 /* Sources */ = {
			isa = PBXSourcesBuildPhase;
			buildActionMask = 2147483647;
			files = (
			);
			runOnlyForDeploymentPostprocessing = 0;
		};
/* End PBXSourcesBuildPhase section */

/* Begin PBXTargetDependency section */
		41A7B56A6D53F75305B2B9F6 /* PBXTargetDependency */ = {
			isa = PBXTargetDependency;
			name = DemoLib;
			target = 098E89A91C83C399CDB30F7C /* DemoLib */;
			targetProxy = 36E4BCC02C39615614F30A4D /* PBXContainerItemProxy */;
		};
		8DA3E04A012C4B35C67ABABF /* PBXTargetDependency */ = {
			isa = PBXTargetDependency;
			name = DemoLib;
			target = 098E89A91C83C399CDB30F7C /* DemoLib */;
			targetProxy = DEC1DCD874C5C5D58DBD43C7 /* PBXContainerItemProxy */;
		};
/* End PBXTargetDependency section */

/* Begin XCBuildConfiguration section */
		43E2631D803713C9BA3545C5 /* Debug */ = {
			isa = XCBuildConfiguration;
			buildSettings = {
				BUNDLE_IDENTIFIER = com.demo.testapp.staging;
				PRODUCT_BUNDLE_IDENTIFIER = com.demo.testapp.TestDemo;
				PRODUCT_NAME = "TestDemo-Staging";
				SWIFT_VERSION = 5.9;
			};
			name = Debug;
		};
		552EE1A66FD7E4D358D956DB /* Release */ = {
			isa = XCBuildConfiguration;
			buildSettings = {
				ORGANIZATION_NAME = "Demo Company";
			};
			name = Release;
		};
		7A906BEFF07B763F79587087 /* Release */ = {
			isa = XCBuildConfiguration;
			buildSettings = {
				BUNDLE_IDENTIFIER = com.demo.testapp.staging;
				PRODUCT_BUNDLE_IDENTIFIER = com.demo.testapp.TestDemo;
				PRODUCT_NAME = "TestDemo-Staging";
				SWIFT_VERSION = 5.0;
			};
			name = Release;
		};
		7F9BC701D4452B47507F563B /* Debug */ = {
			isa = XCBuildConfiguration;
			buildSettings = {
				PRODUCT_BUNDLE_IDENTIFIER = com.demo.testapp.TestDemo;
				PRODUCT_NAME = "$(TARGET_NAME)";
				SWIFT_VERSION = 5.9;
			};
			name = Debug;
		};
		AE488B93C0E29D9A63ECCAFE /* Debug */ = {
			isa = XCBuildConfiguration;
			buildSettings = {
				ORGANIZATION_NAME = "Demo Company";
			};
			name = Debug;
		};
		C421AAC403BB20861132B1B7 /* Debug */ = {
			isa = XCBuildConfiguration;
			buildSettings = {
				IPHONEOS_DEPLOYMENT_TARGET = 15.0;
				PRODUCT_BUNDLE_IDENTIFIER = com.demo.demolib;
				PRODUCT_NAME = DemoLib;
				SWIFT_VERSION = 5.0;
				TARGETED_DEVICE_FAMILY = "1,2";
			};
			name = Debug;
		};
		E245B024D285DA899FF59530 /* Release */ = {
			isa = XCBuildConfiguration;
			buildSettings = {
				IPHONEOS_DEPLOYMENT_TARGET = 15.0;
				PRODUCT_BUNDLE_IDENTIFIER = com.demo.demolib;
				PRODUCT_NAME = DemoLib;
				SWIFT_VERSION = 5.0;
				TARGETED_DEVICE_FAMILY = "1,2";
			};
			name = Release;
		};
		F0CF5F4C4C2EF022FEE9B0B6 /* Release */ = {
			isa = XCBuildConfiguration;
			buildSettings = {
				PRODUCT_BUNDLE_IDENTIFIER = com.demo.testapp.TestDemo;
				PRODUCT_NAME = "$(TARGET_NAME)";
				SWIFT_VERSION = 5.0;
			};
			name = Release;
		};
/* End XCBuildConfiguration section */

/* Begin XCConfigurationList section */
		0D1FD1B4434F161EAF7B3D33 /* Build configuration list for PBXNativeTarget "TestDemo-Staging" */ = {
			isa = XCConfigurationList;
			buildConfigurations = (
				43E2631D803713C9BA3545C5 /* Debug */,
				7A906BEFF07B763F79587087 /* Release */,
			);
			defaultConfigurationIsVisible = 0;
			defaultConfigurationName = Release;
		};
		B47A3B80663E34610C023A49 /* Build configuration list for PBXNativeTarget "DemoLib" */ = {
			isa = XCConfigurationList;
			buildConfigurations = (
				C421AAC403BB20861132B1B7 /* Debug */,
				E245B024D285DA899FF59530 /* Release */,
			);
			defaultConfigurationIsVisible = 0;
			defaultConfigurationName = Release;
		};
		BEE89AC41B1F1F534BFCB161 /* Build configuration list for PBXProject "TestDemo" */ = {
			isa = XCConfigurationList;
			buildConfigurations = (
				AE488B93C0E29D9A63ECCAFE /* Debug */,
				552EE1A66FD7E4D358D956DB /* Release */,
			);
			defaultConfigurationIsVisible = 0;
			defaultConfigurationName = Release;
		};
		C64CB79C29011908A06450FB /* Build configuration list for PBXNativeTarget "TestDemo" */ = {
			isa = XCConfigurationList;
			buildConfigurations = (
				7F9BC701D4452B47507F563B /* Debug */,
				F0CF5F4C4C2EF022FEE9B0B6 /* Release */,
			);
			defaultConfigurationIsVisible = 0;
			defaultConfigurationName = Release;
		};
/* End XCConfigurationList section */
	};
	rootObject = 9C4CC313C65588734683B221 /* Project object */;
}
